<?xml version="1.0" encoding="utf-8"?>
<Project ToolsVersion="4.0" xmlns="http://schemas.microsoft.com/developer/msbuild/2003">
  <ItemGroup>
    <ClInclude Include="Camera.h" />
    <ClInclude Include="Collision.h" />
    <ClInclude Include="Game.h" />
    <ClInclude Include="InputHandler.h" />
    <ClInclude Include="LoaderParams.h" />
    <ClInclude Include="TextureManager.h" />
    <ClInclude Include="Vector2D.h" />
    <ClInclude Include="GameState.h">
      <Filter>States</Filter>
    </ClInclude>
    <ClInclude Include="GameStateMachine.h">
      <Filter>States</Filter>
    </ClInclude>
    <ClInclude Include="PauseState.h">
      <Filter>States</Filter>
    </ClInclude>
    <ClInclude Include="PlayState.h">
      <Filter>States</Filter>
    </ClInclude>
    <ClInclude Include="MenuState.h">
      <Filter>States</Filter>
    </ClInclude>
    <ClInclude Include="MenuButton.h">
      <Filter>Objects</Filter>
    </ClInclude>
    <ClInclude Include="Player.h">
      <Filter>Objects</Filter>
    </ClInclude>
    <ClInclude Include="UIBox.h">
      <Filter>Objects</Filter>
    </ClInclude>
    <ClInclude Include="States.h">
      <Filter>States</Filter>
    </ClInclude>
    <ClInclude Include="GameObject.h">
      <Filter>Objects</Filter>
    </ClInclude>
    <ClInclude Include="Platform.h">
      <Filter>Objects</Filter>
    </ClInclude>
    <ClInclude Include="Background.h">
      <Filter>Objects</Filter>
    </ClInclude>
    <ClInclude Include="Gun.h">
      <Filter>Objects</Filter>
    </ClInclude>
    <ClInclude Include="GunGenerator.h">
      <Filter>Objects</Filter>
    </ClInclude>
    <ClInclude Include="GunItem.h">
      <Filter>Objects</Filter>
    </ClInclude>
    <ClInclude Include="Bullet.h">
      <Filter>Objects</Filter>
    </ClInclude>
    <ClInclude Include="TextPrinter.h" />
  </ItemGroup>
  <ItemGroup>
    <Filter Include="Objects">
      <UniqueIdentifier>{a0263e5b-d2c0-4d8c-a45f-e0919eb0227b}</UniqueIdentifier>
    </Filter>
    <Filter Include="States">
      <UniqueIdentifier>{d19c6434-c8c1-44f1-be1c-1e15a1ed2018}</UniqueIdentifier>
    </Filter>
  </ItemGroup>
  <ItemGroup>
    <ClCompile Include="Camera.cpp" />
    <ClCompile Include="Game.cpp" />
    <ClCompile Include="InputHandler.cpp" />
    <ClCompile Include="main.cpp" />
    <ClCompile Include="TextureManager.cpp" />
    <ClCompile Include="Vector2D.cpp" />
    <ClCompile Include="GameState.cpp">
      <Filter>States</Filter>
    </ClCompile>
    <ClCompile Include="GameStateMachine.cpp">
      <Filter>States</Filter>
    </ClCompile>
    <ClCompile Include="PauseState.cpp">
      <Filter>States</Filter>
    </ClCompile>
    <ClCompile Include="PlayState.cpp">
      <Filter>States</Filter>
    </ClCompile>
    <ClCompile Include="MenuState.cpp">
      <Filter>States</Filter>
    </ClCompile>
    <ClCompile Include="MenuButton.cpp">
      <Filter>Objects</Filter>
    </ClCompile>
    <ClCompile Include="Player.cpp">
      <Filter>Objects</Filter>
    </ClCompile>
    <ClCompile Include="UIBox.cpp">
      <Filter>Objects</Filter>
    </ClCompile>
    <ClCompile Include="GameObject.cpp">
      <Filter>Objects</Filter>
    </ClCompile>
    <ClCompile Include="Platform.cpp">
      <Filter>Objects</Filter>
    </ClCompile>
    <ClCompile Include="Background.cpp">
      <Filter>Objects</Filter>
    </ClCompile>
    <ClCompile Include="Gun.cpp">
      <Filter>Objects</Filter>
    </ClCompile>
    <ClCompile Include="GunGenerator.cpp">
      <Filter>Objects</Filter>
    </ClCompile>
    <ClCompile Include="GunItem.cpp">
      <Filter>Objects</Filter>
    </ClCompile>
    <ClCompile Include="Bullet.cpp">
      <Filter>Objects</Filter>
    </ClCompile>
    <ClCompile Include="TextPrinter.cpp" />
  </ItemGroup>
</Project>