<?xml version="1.0" encoding="utf-8"?>
<Project ToolsVersion="4.0" xmlns="http://schemas.microsoft.com/developer/msbuild/2003">
  <ItemGroup>
    <ClInclude Include="Components.h">
      <Filter>ECS</Filter>
    </ClInclude>
    <ClInclude Include="ECS.h">
      <Filter>ECS</Filter>
    </ClInclude>
    <ClInclude Include="TrasformComponent.h">
      <Filter>ECS</Filter>
    </ClInclude>
    <ClInclude Include="AnimatedGraphic.h" />
    <ClInclude Include="Enemy.h" />
    <ClInclude Include="Game.h" />
    <ClInclude Include="GameObject.h" />
    <ClInclude Include="GameOverState.h" />
    <ClInclude Include="GameState.h" />
    <ClInclude Include="GameStateMachine.h" />
    <ClInclude Include="InputHandler.h" />
    <ClInclude Include="LoaderParams.h" />
    <ClInclude Include="MenuButton.h" />
    <ClInclude Include="MenuState.h" />
    <ClInclude Include="PauseState.h" />
    <ClInclude Include="Player.h" />
    <ClInclude Include="PlayState.h" />
    <ClInclude Include="SDLGameObject.h" />
    <ClInclude Include="States.h" />
    <ClInclude Include="TextureManager.h" />
    <ClInclude Include="Vector2D.h" />
  </ItemGroup>
  <ItemGroup>
    <Filter Include="GameObjects">
      <UniqueIdentifier>{b2cb4726-2f1f-452c-8238-93a6ebec1d35}</UniqueIdentifier>
    </Filter>
    <Filter Include="ECS">
      <UniqueIdentifier>{eabd9252-4d2e-45cb-9344-6c9d51ab52a3}</UniqueIdentifier>
    </Filter>
  </ItemGroup>
  <ItemGroup>
    <ClCompile Include="AnimatedGraphic.cpp" />
    <ClCompile Include="Enemy.cpp" />
    <ClCompile Include="Game.cpp" />
    <ClCompile Include="GameOverState.cpp" />
    <ClCompile Include="GameState.cpp" />
    <ClCompile Include="GameStateMachine.cpp" />
    <ClCompile Include="InputHandler.cpp" />
    <ClCompile Include="main.cpp" />
    <ClCompile Include="MenuButton.cpp" />
    <ClCompile Include="MenuState.cpp" />
    <ClCompile Include="PauseState.cpp" />
    <ClCompile Include="Player.cpp" />
    <ClCompile Include="PlayState.cpp" />
    <ClCompile Include="SDLGameObject.cpp" />
    <ClCompile Include="TextureManager.cpp" />
    <ClCompile Include="Vector2D.cpp" />
  </ItemGroup>
</Project>